{
    "_readme": [
        "This file locks the dependencies of your project to a known state",
        "Read more about it at https://getcomposer.org/doc/01-basic-usage.md#composer-lock-the-lock-file",
        "This file is @generated automatically"
    ],
    "hash": "9b71d7edb0765dc8af7fd8802135ec6c",
    "packages": [
        {
            "name": "josegonzalez/dotenv",
            "version": "0.6.0",
            "source": {
                "type": "git",
                "url": "https://github.com/josegonzalez/php-dotenv.git",
                "reference": "c115996bbe105fd1066c4b550bfd84d1ed08e8f2"
            },
            "dist": {
                "type": "zip",
                "url": "https://api.github.com/repos/josegonzalez/php-dotenv/zipball/c115996bbe105fd1066c4b550bfd84d1ed08e8f2",
                "reference": "c115996bbe105fd1066c4b550bfd84d1ed08e8f2",
                "shasum": ""
            },
            "require": {
                "php": ">=5.3.0"
            },
            "type": "library",
            "autoload": {
                "psr-0": {
                    "josegonzalez\\Dotenv": [
                        "src",
                        "tests"
                    ]
                }
            },
            "notification-url": "https://packagist.org/downloads/",
            "license": [
                "MIT"
            ],
            "authors": [
                {
                    "name": "Jose Diaz-Gonzalez",
                    "email": "dotenv@josegonzalez.com",
                    "homepage": "http://josediazgonzalez.com",
                    "role": "Maintainer"
                }
            ],
            "description": "dotenv file parsing for PHP",
            "homepage": "https://github.com/josegonzalez/php-dotenv",
            "keywords": [
                "configuration",
                "dotenv",
                "php"
            ],
            "time": "2015-03-02 01:55:01"
        },
        {
            "name": "swith/errormanager",
            "version": "dev-master",
            "source": {
                "type": "git",
                "url": "https://github.com/SwithFr/SwithError.git",
                "reference": "2db9526d0a063a624ae91561915166e47d929436"
            },
            "dist": {
                "type": "zip",
                "url": "https://api.github.com/repos/SwithFr/SwithError/zipball/2db9526d0a063a624ae91561915166e47d929436",
                "reference": "2db9526d0a063a624ae91561915166e47d929436",
                "shasum": ""
            },
            "type": "library",
            "autoload": {
                "psr-4": {
                    "SwithError\\": "./"
                }
            },
            "notification-url": "https://packagist.org/downloads/",
            "authors": [
                {
                    "name": "SwithFr",
                    "email": "contact@swith.fr"
                }
            ],
            "description": "Permet de gerer des erreurs (liees au framewirk swith/framework)",
            "time": "2015-07-16 16:47:32"
        }
    ],
    "packages-dev": [],
    "aliases": [],
    "minimum-stability": "stable",
    "stability-flags": {
        "swith/errormanager": 20
    },
    "prefer-stable": false,
    "prefer-lowest": false,
    "platform": {
        "php": "~5.6.0"
    },
    "platform-dev": []
}
